
Microsoft Visual Studio Solution File, Format Version 12.00
# Visual Studio Version 17
VisualStudioVersion = 17.2.32526.322
MinimumVisualStudioVersion = 10.0.40219.1
Project("{8BC9CEB8-8B4A-11D0-8D11-00A0C91BC942}") = "Dx12_2022_ex01_sample", "Dx12_2022_ex01_sample.vcxproj", "{3E65ABE3-F7AD-4870-9099-19B685622D3C}"
EndProject
Global
	GlobalSection(SolutionConfigurationPlatforms) = preSolution
		Debug|x64 = Debug|x64
		Debug|x86 = Debug|x86
		Release|x64 = Release|x64
		Release|x86 = Release|x86
	EndGlobalSection
	GlobalSection(ProjectConfigurationPlatforms) = postSolution
		{3E65ABE3-F7AD-4870-9099-19B685622D3C}.Debug|x64.ActiveCfg = Debug|x64
		{3E65ABE3-F7AD-4870-9099-19B685622D3C}.Debug|x64.Build.0 = Debug|x64
		{3E65ABE3-F7AD-4870-9099-19B685622D3C}.Debug|x86.ActiveCfg = Debug|Win32
		{3E65ABE3-F7AD-4870-9099-19B685622D3C}.Debug|x86.Build.0 = Debug|Win32
		{3E65ABE3-F7AD-4870-9099-19B685622D3C}.Release|x64.ActiveCfg = Release|x64
		{3E65ABE3-F7AD-4870-9099-19B685622D3C}.Release|x64.Build.0 = Release|x64
		{3E65ABE3-F7AD-4870-9099-19B685622D3C}.Release|x86.ActiveCfg = Release|Win32
		{3E65ABE3-F7AD-4870-9099-19B685622D3C}.Release|x86.Build.0 = Release|Win32
	EndGlobalSection
	GlobalSection(SolutionProperties) = preSolution
		HideSolutionNode = FALSE
	EndGlobalSection
	GlobalSection(ExtensibilityGlobals) = postSolution
		SolutionGuid = {DE5E0816-E7DA-45DF-8973-2DCBA43207C7}
	EndGlobalSection
EndGlobal
